{
  "name": "metacom-nodejs-example",
  "version": "1.0.0",
  "lockfileVersion": 3,
  "requires": true,
  "packages": {
    "": {
      "name": "metacom-nodejs-example",
      "version": "1.0.0",
      "license": "MIT",
      "dependencies": {
        "metacom": "^3.2.6"
      },
      "engines": {
        "node": ">=18"
      }
    },
    "node_modules/metacom": {
      "version": "3.2.6",
      "resolved": "https://registry.npmjs.org/metacom/-/metacom-3.2.6.tgz",
      "integrity": "sha512-FH95J0PHv1AmvP1PfeALHFkWsWRRP2vv8FeAvBE51jf97Mq1smy0Of+JkRpmTg0azhMBiW1sa2NVXJdtS4/JSw==",
      "license": "MIT",
      "dependencies": {
        "metautil": "^5.4.0",
        "ws": "^8.18.3"
      },
      "engines": {
        "node": ">=18"
      },
      "funding": {
        "type": "patreon",
        "url": "https://www.patreon.com/tshemsedinov"
      }
    },
    "node_modules/metautil": {
      "version": "5.5.0",
      "resolved": "https://registry.npmjs.org/metautil/-/metautil-5.5.0.tgz",
      "integrity": "sha512-2zz6X8sELo+kzwEWbQdIEnPZq7qDFy8DEqwhkCent0D8oMqZp23ONPasr147SMq987X/tQGWCbC5QPt19fTuEA==",
      "license": "MIT",
      "engines": {
        "node": ">=18"
      },
      "funding": {
        "type": "patreon",
        "url": "https://www.patreon.com/tshemsedinov"
      }
    },
    "node_modules/ws": {
      "version": "8.19.0",
      "resolved": "https://registry.npmjs.org/ws/-/ws-8.19.0.tgz",
      "integrity": "sha512-blAT2mjOEIi0ZzruJfIhb3nps74PRWTCz1IjglWEEpQl5XS/UNama6u2/rjFkDDouqr4L67ry+1aGIALViWjDg==",
      "license": "MIT",
      "engines": {
        "node": ">=10.0.0"
      },
      "peerDependencies": {
        "bufferutil": "^4.0.1",
        "utf-8-validate": ">=5.0.2"
      },
      "peerDependenciesMeta": {
        "bufferutil": {
          "optional": true
        },
        "utf-8-validate": {
          "optional": true
        }
      }
    }
  }
}
